{
  "name": "asset-manager-spa",
  "version": "0.1.0",
  "lockfileVersion": 1,
  "requires": true,
  "dependencies": {
    "bootstrap-css-only": {
      "version": "4.1.1",
      "resolved": "https://registry.npmjs.org/bootstrap-css-only/-/bootstrap-css-only-4.1.1.tgz",
      "integrity": "sha512-I/zU5T/KANTy+NNmsNC4lESiHWrdLtvgp9gutOVqbDKY0d4rycmX9fUp1jkFZ0vNd6dhY8oxY9j8RWZkjHVAuA=="
    }
  }
}
